// !$*UTF8*$!
{
	archiveVersion = 1;
	classes = {
	};
	objectVersion = 46;
	objects = {

/* Begin PBXBuildFile section */
		823B730719C96F4E00BFE8F4 /* Foundation.framework in Frameworks */ = {isa = PBXBuildFile; fileRef = 823B730619C96F4E00BFE8F4 /* Foundation.framework */; };
		823B730919C96F4E00BFE8F4 /* CoreGraphics.framework in Frameworks */ = {isa = PBXBuildFile; fileRef = 823B730819C96F4E00BFE8F4 /* CoreGraphics.framework */; };
		823B730B19C96F4E00BFE8F4 /* UIKit.framework in Frameworks */ = {isa = PBXBuildFile; fileRef = 823B730A19C96F4E00BFE8F4 /* UIKit.framework */; };
		823B730D19C96F4E00BFE8F4 /* CoreData.framework in Frameworks */ = {isa = PBXBuildFile; fileRef = 823B730C19C96F4E00BFE8F4 /* CoreData.framework */; };
		823B731319C96F4E00BFE8F4 /* InfoPlist.strings in Resources */ = {isa = PBXBuildFile; fileRef = 823B731119C96F4E00BFE8F4 /* InfoPlist.strings */; };
		823B731519C96F4E00BFE8F4 /* main.m in Sources */ = {isa = PBXBuildFile; fileRef = 823B731419C96F4E00BFE8F4 /* main.m */; };
		823B731919C96F4E00BFE8F4 /* AppDelegate.m in Sources */ = {isa = PBXBuildFile; fileRef = 823B731819C96F4E00BFE8F4 /* AppDelegate.m */; };
		823B731C19C96F4E00BFE8F4 /* How_Much_I_Spent.xcdatamodeld in Sources */ = {isa = PBXBuildFile; fileRef = 823B731A19C96F4E00BFE8F4 /* How_Much_I_Spent.xcdatamodeld */; };
		823B731E19C96F4E00BFE8F4 /* Images.xcassets in Resources */ = {isa = PBXBuildFile; fileRef = 823B731D19C96F4E00BFE8F4 /* Images.xcassets */; };
		823B732519C96F4E00BFE8F4 /* XCTest.framework in Frameworks */ = {isa = PBXBuildFile; fileRef = 823B732419C96F4E00BFE8F4 /* XCTest.framework */; };
		823B732619C96F4E00BFE8F4 /* Foundation.framework in Frameworks */ = {isa = PBXBuildFile; fileRef = 823B730619C96F4E00BFE8F4 /* Foundation.framework */; };
		823B732719C96F4E00BFE8F4 /* UIKit.framework in Frameworks */ = {isa = PBXBuildFile; fileRef = 823B730A19C96F4E00BFE8F4 /* UIKit.framework */; };
		823B732819C96F4E00BFE8F4 /* CoreData.framework in Frameworks */ = {isa = PBXBuildFile; fileRef = 823B730C19C96F4E00BFE8F4 /* CoreData.framework */; };
		823B733019C96F4E00BFE8F4 /* InfoPlist.strings in Resources */ = {isa = PBXBuildFile; fileRef = 823B732E19C96F4E00BFE8F4 /* InfoPlist.strings */; };
		823B733219C96F4E00BFE8F4 /* How_Much_I_SpentTests.m in Sources */ = {isa = PBXBuildFile; fileRef = 823B733119C96F4E00BFE8F4 /* How_Much_I_SpentTests.m */; };
/* End PBXBuildFile section */

/* Begin PBXContainerItemProxy section */
		823B732919C96F4E00BFE8F4 /* PBXContainerItemProxy */ = {
			isa = PBXContainerItemProxy;
			containerPortal = 823B72FB19C96F4E00BFE8F4 /* Project object */;
			proxyType = 1;
			remoteGlobalIDString = 823B730219C96F4E00BFE8F4;
			remoteInfo = How_Much_I_Spent;
		};
/* End PBXContainerItemProxy section */

/* Begin PBXFileReference section */
		823B730319C96F4E00BFE8F4 /* How_Much_I_Spent.app */ = {isa = PBXFileReference; explicitFileType = wrapper.application; includeInIndex = 0; path = How_Much_I_Spent.app; sourceTree = BUILT_PRODUCTS_DIR; };
		823B730619C96F4E00BFE8F4 /* Foundation.framework */ = {isa = PBXFileReference; lastKnownFileType = wrapper.framework; name = Foundation.framework; path = System/Library/Frameworks/Foundation.framework; sourceTree = SDKROOT; };
		823B730819C96F4E00BFE8F4 /* CoreGraphics.framework */ = {isa = PBXFileReference; lastKnownFileType = wrapper.framework; name = CoreGraphics.framework; path = System/Library/Frameworks/CoreGraphics.framework; sourceTree = SDKROOT; };
		823B730A19C96F4E00BFE8F4 /* UIKit.framework */ = {isa = PBXFileReference; lastKnownFileType = wrapper.framework; name = UIKit.framework; path = System/Library/Frameworks/UIKit.framework; sourceTree = SDKROOT; };
		823B730C19C96F4E00BFE8F4 /* CoreData.framework */ = {isa = PBXFileReference; lastKnownFileType = wrapper.framework; name = CoreData.framework; path = System/Library/Frameworks/CoreData.framework; sourceTree = SDKROOT; };
		823B731019C96F4E00BFE8F4 /* How_Much_I_Spent-Info.plist */ = {isa = PBXFileReference; lastKnownFileType = text.plist.xml; path = "How_Much_I_Spent-Info.plist"; sourceTree = "<group>"; };
		823B731219C96F4E00BFE8F4 /* en */ = {isa = PBXFileReference; lastKnownFileType = text.plist.strings; name = en; path = en.lproj/InfoPlist.strings; sourceTree = "<group>"; };
		823B731419C96F4E00BFE8F4 /* main.m */ = {isa = PBXFileReference; lastKnownFileType = sourcecode.c.objc; path = main.m; sourceTree = "<group>"; };
		823B731619C96F4E00BFE8F4 /* How_Much_I_Spent-Prefix.pch */ = {isa = PBXFileReference; lastKnownFileType = sourcecode.c.h; path = "How_Much_I_Spent-Prefix.pch"; sourceTree = "<group>"; };
		823B731719C96F4E00BFE8F4 /* AppDelegate.h */ = {isa = PBXFileReference; lastKnownFileType = sourcecode.c.h; path = AppDelegate.h; sourceTree = "<group>"; };
		823B731819C96F4E00BFE8F4 /* AppDelegate.m */ = {isa = PBXFileReference; lastKnownFileType = sourcecode.c.objc; path = AppDelegate.m; sourceTree = "<group>"; };
		823B731B19C96F4E00BFE8F4 /* How_Much_I_Spent.xcdatamodel */ = {isa = PBXFileReference; lastKnownFileType = wrapper.xcdatamodel; path = How_Much_I_Spent.xcdatamodel; sourceTree = "<group>"; };
		823B731D19C96F4E00BFE8F4 /* Images.xcassets */ = {isa = PBXFileReference; lastKnownFileType = folder.assetcatalog; path = Images.xcassets; sourceTree = "<group>"; };
		823B732319C96F4E00BFE8F4 /* How_Much_I_SpentTests.xctest */ = {isa = PBXFileReference; explicitFileType = wrapper.cfbundle; includeInIndex = 0; path = How_Much_I_SpentTests.xctest; sourceTree = BUILT_PRODUCTS_DIR; };
		823B732419C96F4E00BFE8F4 /* XCTest.framework */ = {isa = PBXFileReference; lastKnownFileType = wrapper.framework; name = XCTest.framework; path = Library/Frameworks/XCTest.framework; sourceTree = DEVELOPER_DIR; };
		823B732D19C96F4E00BFE8F4 /* How_Much_I_SpentTests-Info.plist */ = {isa = PBXFileReference; lastKnownFileType = text.plist.xml; path = "How_Much_I_SpentTests-Info.plist"; sourceTree = "<group>"; };
		823B732F19C96F4E00BFE8F4 /* en */ = {isa = PBXFileReference; lastKnownFileType = text.plist.strings; name = en; path = en.lproj/InfoPlist.strings; sourceTree = "<group>"; };
		823B733119C96F4E00BFE8F4 /* How_Much_I_SpentTests.m */ = {isa = PBXFileReference; lastKnownFileType = sourcecode.c.objc; path = How_Much_I_SpentTests.m; sourceTree = "<group>"; };
/* End PBXFileReference section */

/* Begin PBXFrameworksBuildPhase section */
		823B730019C96F4E00BFE8F4 /* Frameworks */ = {
			isa = PBXFrameworksBuildPhase;
			buildActionMask = 2147483647;
			files = (
				823B730919C96F4E00BFE8F4 /* CoreGraphics.framework in Frameworks */,
				823B730D19C96F4E00BFE8F4 /* CoreData.framework in Frameworks */,
				823B730B19C96F4E00BFE8F4 /* UIKit.framework in Frameworks */,
				823B730719C96F4E00BFE8F4 /* Foundation.framework in Frameworks */,
			);
			runOnlyForDeploymentPostprocessing = 0;
		};
		823B732019C96F4E00BFE8F4 /* Frameworks */ = {
			isa = PBXFrameworksBuildPhase;
			buildActionMask = 2147483647;
			files = (
				823B732519C96F4E00BFE8F4 /* XCTest.framework in Frameworks */,
				823B732819C96F4E00BFE8F4 /* CoreData.framework in Frameworks */,
				823B732719C96F4E00BFE8F4 /* UIKit.framework in Frameworks */,
				823B732619C96F4E00BFE8F4 /* Foundation.framework in Frameworks */,
			);
			runOnlyForDeploymentPostprocessing = 0;
		};
/* End PBXFrameworksBuildPhase section */

/* Begin PBXGroup section */
		823B72FA19C96F4E00BFE8F4 = {
			isa = PBXGroup;
			children = (
				823B730E19C96F4E00BFE8F4 /* How_Much_I_Spent */,
				823B732B19C96F4E00BFE8F4 /* How_Much_I_SpentTests */,
				823B730519C96F4E00BFE8F4 /* Frameworks */,
				823B730419C96F4E00BFE8F4 /* Products */,
			);
			sourceTree = "<group>";
		};
		823B730419C96F4E00BFE8F4 /* Products */ = {
			isa = PBXGroup;
			children = (
				823B730319C96F4E00BFE8F4 /* How_Much_I_Spent.app */,
				823B732319C96F4E00BFE8F4 /* How_Much_I_SpentTests.xctest */,
			);
			name = Products;
			sourceTree = "<group>";
		};
		823B730519C96F4E00BFE8F4 /* Frameworks */ = {
			isa = PBXGroup;
			children = (
				823B730619C96F4E00BFE8F4 /* Foundation.framework */,
				823B730819C96F4E00BFE8F4 /* CoreGraphics.framework */,
				823B730A19C96F4E00BFE8F4 /* UIKit.framework */,
				823B730C19C96F4E00BFE8F4 /* CoreData.framework */,
				823B732419C96F4E00BFE8F4 /* XCTest.framework */,
			);
			name = Frameworks;
			sourceTree = "<group>";
		};
		823B730E19C96F4E00BFE8F4 /* How_Much_I_Spent */ = {
			isa = PBXGroup;
			children = (
				823B731719C96F4E00BFE8F4 /* AppDelegate.h */,
				823B731819C96F4E00BFE8F4 /* AppDelegate.m */,
				823B731D19C96F4E00BFE8F4 /* Images.xcassets */,
				823B731A19C96F4E00BFE8F4 /* How_Much_I_Spent.xcdatamodeld */,
				823B730F19C96F4E00BFE8F4 /* Supporting Files */,
			);
			path = How_Much_I_Spent;
			sourceTree = "<group>";
		};
		823B730F19C96F4E00BFE8F4 /* Supporting Files */ = {
			isa = PBXGroup;
			children = (
				823B731019C96F4E00BFE8F4 /* How_Much_I_Spent-Info.plist */,
				823B731119C96F4E00BFE8F4 /* InfoPlist.strings */,
				823B731419C96F4E00BFE8F4 /* main.m */,
				823B731619C96F4E00BFE8F4 /* How_Much_I_Spent-Prefix.pch */,
			);
			name = "Supporting Files";
			sourceTree = "<group>";
		};
		823B732B19C96F4E00BFE8F4 /* How_Much_I_SpentTests */ = {
			isa = PBXGroup;
			children = (
				823B733119C96F4E00BFE8F4 /* How_Much_I_SpentTests.m */,
				823B732C19C96F4E00BFE8F4 /* Supporting Files */,
			);
			path = How_Much_I_SpentTests;
			sourceTree = "<group>";
		};
		823B732C19C96F4E00BFE8F4 /* Supporting Files */ = {
			isa = PBXGroup;
			children = (
				823B732D19C96F4E00BFE8F4 /* How_Much_I_SpentTests-Info.plist */,
				823B732E19C96F4E00BFE8F4 /* InfoPlist.strings */,
			);
			name = "Supporting Files";
			sourceTree = "<group>";
		};
/* End PBXGroup section */

/* Begin PBXNativeTarget section */
		823B730219C96F4E00BFE8F4 /* How_Much_I_Spent */ = {
			isa = PBXNativeTarget;
			buildConfigurationList = 823B733519C96F4E00BFE8F4 /* Build configuration list for PBXNativeTarget "How_Much_I_Spent" */;
			buildPhases = (
				823B72FF19C96F4E00BFE8F4 /* Sources */,
				823B730019C96F4E00BFE8F4 /* Frameworks */,
				823B730119C96F4E00BFE8F4 /* Resources */,
			);
			buildRules = (
			);
			dependencies = (
			);
			name = How_Much_I_Spent;
			productName = How_Much_I_Spent;
			productReference = 823B730319C96F4E00BFE8F4 /* How_Much_I_Spent.app */;
			productType = "com.apple.product-type.application";
		};
		823B732219C96F4E00BFE8F4 /* How_Much_I_SpentTests */ = {
			isa = PBXNativeTarget;
			buildConfigurationList = 823B733819C96F4E00BFE8F4 /* Build configuration list for PBXNativeTarget "How_Much_I_SpentTests" */;
			buildPhases = (
				823B731F19C96F4E00BFE8F4 /* Sources */,
				823B732019C96F4E00BFE8F4 /* Frameworks */,
				823B732119C96F4E00BFE8F4 /* Resources */,
			);
			buildRules = (
			);
			dependencies = (
				823B732A19C96F4E00BFE8F4 /* PBXTargetDependency */,
			);
			name = How_Much_I_SpentTests;
			productName = How_Much_I_SpentTests;
			productReference = 823B732319C96F4E00BFE8F4 /* How_Much_I_SpentTests.xctest */;
			productType = "com.apple.product-type.bundle.unit-test";
		};
/* End PBXNativeTarget section */

/* Begin PBXProject section */
		823B72FB19C96F4E00BFE8F4 /* Project object */ = {
			isa = PBXProject;
			attributes = {
				LastUpgradeCheck = 0510;
				ORGANIZATIONNAME = "___FULLUSERNAME___";
				TargetAttributes = {
					823B732219C96F4E00BFE8F4 = {
						TestTargetID = 823B730219C96F4E00BFE8F4;
					};
				};
			};
			buildConfigurationList = 823B72FE19C96F4E00BFE8F4 /* Build configuration list for PBXProject "How_Much_I_Spent" */;
			compatibilityVersion = "Xcode 3.2";
			developmentRegion = English;
			hasScannedForEncodings = 0;
			knownRegions = (
				en,
			);
			mainGroup = 823B72FA19C96F4E00BFE8F4;
			productRefGroup = 823B730419C96F4E00BFE8F4 /* Products */;
			projectDirPath = "";
			projectRoot = "";
			targets = (
				823B730219C96F4E00BFE8F4 /* How_Much_I_Spent */,
				823B732219C96F4E00BFE8F4 /* How_Much_I_SpentTests */,
			);
		};
/* End PBXProject section */

/* Begin PBXResourcesBuildPhase section */
		823B730119C96F4E00BFE8F4 /* Resources */ = {
			isa = PBXResourcesBuildPhase;
			buildActionMask = 2147483647;
			files = (
				823B731319C96F4E00BFE8F4 /* InfoPlist.strings in Resources */,
				823B731E19C96F4E00BFE8F4 /* Images.xcassets in Resources */,
			);
			runOnlyForDeploymentPostprocessing = 0;
		};
		823B732119C96F4E00BFE8F4 /* Resources */ = {
			isa = PBXResourcesBuildPhase;
			buildActionMask = 2147483647;
			files = (
				823B733019C96F4E00BFE8F4 /* InfoPlist.strings in Resources */,
			);
			runOnlyForDeploymentPostprocessing = 0;
		};
/* End PBXResourcesBuildPhase section */

/* Begin PBXSourcesBuildPhase section */
		823B72FF19C96F4E00BFE8F4 /* Sources */ = {
			isa = PBXSourcesBuildPhase;
			buildActionMask = 2147483647;
			files = (
				823B731919C96F4E00BFE8F4 /* AppDelegate.m in Sources */,
				823B731C19C96F4E00BFE8F4 /* How_Much_I_Spent.xcdatamodeld in Sources */,
				823B731519C96F4E00BFE8F4 /* main.m in Sources */,
			);
			runOnlyForDeploymentPostprocessing = 0;
		};
		823B731F19C96F4E00BFE8F4 /* Sources */ = {
			isa = PBXSourcesBuildPhase;
			buildActionMask = 2147483647;
			files = (
				823B733219C96F4E00BFE8F4 /* How_Much_I_SpentTests.m in Sources */,
			);
			runOnlyForDeploymentPostprocessing = 0;
		};
/* End PBXSourcesBuildPhase section */

/* Begin PBXTargetDependency section */
		823B732A19C96F4E00BFE8F4 /* PBXTargetDependency */ = {
			isa = PBXTargetDependency;
			target = 823B730219C96F4E00BFE8F4 /* How_Much_I_Spent */;
			targetProxy = 823B732919C96F4E00BFE8F4 /* PBXContainerItemProxy */;
		};
/* End PBXTargetDependency section */

/* Begin PBXVariantGroup section */
		823B731119C96F4E00BFE8F4 /* InfoPlist.strings */ = {
			isa = PBXVariantGroup;
			children = (
				823B731219C96F4E00BFE8F4 /* en */,
			);
			name = InfoPlist.strings;
			sourceTree = "<group>";
		};
		823B732E19C96F4E00BFE8F4 /* InfoPlist.strings */ = {
			isa = PBXVariantGroup;
			children = (
				823B732F19C96F4E00BFE8F4 /* en */,
			);
			name = InfoPlist.strings;
			sourceTree = "<group>";
		};
/* End PBXVariantGroup section */

/* Begin XCBuildConfiguration section */
		823B733319C96F4E00BFE8F4 /* Debug */ = {
			isa = XCBuildConfiguration;
			buildSettings = {
				ALWAYS_SEARCH_USER_PATHS = NO;
				CLANG_CXX_LANGUAGE_STANDARD = "gnu++0x";
				CLANG_CXX_LIBRARY = "libc++";
				CLANG_ENABLE_MODULES = YES;
				CLANG_ENABLE_OBJC_ARC = YES;
				CLANG_WARN_BOOL_CONVERSION = YES;
				CLANG_WARN_CONSTANT_CONVERSION = YES;
				CLANG_WARN_DIRECT_OBJC_ISA_USAGE = YES_ERROR;
				CLANG_WARN_EMPTY_BODY = YES;
				CLANG_WARN_ENUM_CONVERSION = YES;
				CLANG_WARN_INT_CONVERSION = YES;
				CLANG_WARN_OBJC_ROOT_CLASS = YES_ERROR;
				CLANG_WARN__DUPLICATE_METHOD_MATCH = YES;
				"CODE_SIGN_IDENTITY[sdk=iphoneos*]" = "iPhone Developer";
				COPY_PHASE_STRIP = NO;
				GCC_C_LANGUAGE_STANDARD = gnu99;
				GCC_DYNAMIC_NO_PIC = NO;
				GCC_OPTIMIZATION_LEVEL = 0;
				GCC_PREPROCESSOR_DEFINITIONS = (
					"DEBUG=1",
					"$(inherited)",
				);
				GCC_SYMBOLS_PRIVATE_EXTERN = NO;
				GCC_WARN_64_TO_32_BIT_CONVERSION = YES;
				GCC_WARN_ABOUT_RETURN_TYPE = YES_ERROR;
				GCC_WARN_UNDECLARED_SELECTOR = YES;
				GCC_WARN_UNINITIALIZED_AUTOS = YES_AGGRESSIVE;
				GCC_WARN_UNUSED_FUNCTION = YES;
				GCC_WARN_UNUSED_VARIABLE = YES;
				IPHONEOS_DEPLOYMENT_TARGET = 7.1;
				ONLY_ACTIVE_ARCH = YES;
				SDKROOT = iphoneos;
			};
			name = Debug;
		};
		823B733419C96F4E00BFE8F4 /* Release */ = {
			isa = XCBuildConfiguration;
			buildSettings = {
				ALWAYS_SEARCH_USER_PATHS = NO;
				CLANG_CXX_LANGUAGE_STANDARD = "gnu++0x";
				CLANG_CXX_LIBRARY = "libc++";
				CLANG_ENABLE_MODULES = YES;
				CLANG_ENABLE_OBJC_ARC = YES;
				CLANG_WARN_BOOL_CONVERSION = YES;
				CLANG_WARN_CONSTANT_CONVERSION = YES;
				CLANG_WARN_DIRECT_OBJC_ISA_USAGE = YES_ERROR;
				CLANG_WARN_EMPTY_BODY = YES;
				CLANG_WARN_ENUM_CONVERSION = YES;
				CLANG_WARN_INT_CONVERSION = YES;
				CLANG_WARN_OBJC_ROOT_CLASS = YES_ERROR;
				CLANG_WARN__DUPLICATE_METHOD_MATCH = YES;
				"CODE_SIGN_IDENTITY[sdk=iphoneos*]" = "iPhone Developer";
				COPY_PHASE_STRIP = YES;
				ENABLE_NS_ASSERTIONS = NO;
				GCC_C_LANGUAGE_STANDARD = gnu99;
				GCC_WARN_64_TO_32_BIT_CONVERSION = YES;
				GCC_WARN_ABOUT_RETURN_TYPE = YES_ERROR;
				GCC_WARN_UNDECLARED_SELECTOR = YES;
				GCC_WARN_UNINITIALIZED_AUTOS = YES_AGGRESSIVE;
				GCC_WARN_UNUSED_FUNCTION = YES;
				GCC_WARN_UNUSED_VARIABLE = YES;
				IPHONEOS_DEPLOYMENT_TARGET = 7.1;
				SDKROOT = iphoneos;
				VALIDATE_PRODUCT = YES;
			};
			name = Release;
		};
		823B733619C96F4E00BFE8F4 /* Debug */ = {
			isa = XCBuildConfiguration;
			buildSettings = {
				ASSETCATALOG_COMPILER_APPICON_NAME = AppIcon;
				ASSETCATALOG_COMPILER_LAUNCHIMAGE_NAME = LaunchImage;
				GCC_PRECOMPILE_PREFIX_HEADER = YES;
				GCC_PREFIX_HEADER = "How_Much_I_Spent/How_Much_I_Spent-Prefix.pch";
				INFOPLIST_FILE = "How_Much_I_Spent/How_Much_I_Spent-Info.plist";
				PRODUCT_NAME = "$(TARGET_NAME)";
				WRAPPER_EXTENSION = app;
			};
			name = Debug;
		};
		823B733719C96F4E00BFE8F4 /* Release */ = {
			isa = XCBuildConfiguration;
			buildSettings = {
				ASSETCATALOG_COMPILER_APPICON_NAME = AppIcon;
				ASSETCATALOG_COMPILER_LAUNCHIMAGE_NAME = LaunchImage;
				GCC_PRECOMPILE_PREFIX_HEADER = YES;
				GCC_PREFIX_HEADER = "How_Much_I_Spent/How_Much_I_Spent-Prefix.pch";
				INFOPLIST_FILE = "How_Much_I_Spent/How_Much_I_Spent-Info.plist";
				PRODUCT_NAME = "$(TARGET_NAME)";
				WRAPPER_EXTENSION = app;
			};
			name = Release;
		};
		823B733919C96F4E00BFE8F4 /* Debug */ = {
			isa = XCBuildConfiguration;
			buildSettings = {
				BUNDLE_LOADER = "$(BUILT_PRODUCTS_DIR)/How_Much_I_Spent.app/How_Much_I_Spent";
				FRAMEWORK_SEARCH_PATHS = (
					"$(SDKROOT)/Developer/Library/Frameworks",
					"$(inherited)",
					"$(DEVELOPER_FRAMEWORKS_DIR)",
				);
				GCC_PRECOMPILE_PREFIX_HEADER = YES;
				GCC_PREFIX_HEADER = "How_Much_I_Spent/How_Much_I_Spent-Prefix.pch";
				GCC_PREPROCESSOR_DEFINITIONS = (
					"DEBUG=1",
					"$(inherited)",
				);
				INFOPLIST_FILE = "How_Much_I_SpentTests/How_Much_I_SpentTests-Info.plist";
				PRODUCT_NAME = "$(TARGET_NAME)";
				TEST_HOST = "$(BUNDLE_LOADER)";
				WRAPPER_EXTENSION = xctest;
			};
			name = Debug;
		};
		823B733A19C96F4E00BFE8F4 /* Release */ = {
			isa = XCBuildConfiguration;
			buildSettings = {
				BUNDLE_LOADER = "$(BUILT_PRODUCTS_DIR)/How_Much_I_Spent.app/How_Much_I_Spent";
				FRAMEWORK_SEARCH_PATHS = (
					"$(SDKROOT)/Developer/Library/Frameworks",
					"$(inherited)",
					"$(DEVELOPER_FRAMEWORKS_DIR)",
				);
				GCC_PRECOMPILE_PREFIX_HEADER = YES;
				GCC_PREFIX_HEADER = "How_Much_I_Spent/How_Much_I_Spent-Prefix.pch";
				INFOPLIST_FILE = "How_Much_I_SpentTests/How_Much_I_SpentTests-Info.plist";
				PRODUCT_NAME = "$(TARGET_NAME)";
				TEST_HOST = "$(BUNDLE_LOADER)";
				WRAPPER_EXTENSION = xctest;
			};
			name = Release;
		};
/* End XCBuildConfiguration section */

/* Begin XCConfigurationList section */
		823B72FE19C96F4E00BFE8F4 /* Build configuration list for PBXProject "How_Much_I_Spent" */ = {
			isa = XCConfigurationList;
			buildConfigurations = (
				823B733319C96F4E00BFE8F4 /* Debug */,
				823B733419C96F4E00BFE8F4 /* Release */,
			);
			defaultConfigurationIsVisible = 0;
			defaultConfigurationName = Release;
		};
		823B733519C96F4E00BFE8F4 /* Build configuration list for PBXNativeTarget "How_Much_I_Spent" */ = {
			isa = XCConfigurationList;
			buildConfigurations = (
				823B733619C96F4E00BFE8F4 /* Debug */,
				823B733719C96F4E00BFE8F4 /* Release */,
			);
			defaultConfigurationIsVisible = 0;
		};
		823B733819C96F4E00BFE8F4 /* Build configuration list for PBXNativeTarget "How_Much_I_SpentTests" */ = {
			isa = XCConfigurationList;
			buildConfigurations = (
				823B733919C96F4E00BFE8F4 /* Debug */,
				823B733A19C96F4E00BFE8F4 /* Release */,
			);
			defaultConfigurationIsVisible = 0;
		};
/* End XCConfigurationList section */

/* Begin XCVersionGroup section */
		823B731A19C96F4E00BFE8F4 /* How_Much_I_Spent.xcdatamodeld */ = {
			isa = XCVersionGroup;
			children = (
				823B731B19C96F4E00BFE8F4 /* How_Much_I_Spent.xcdatamodel */,
			);
			currentVersion = 823B731B19C96F4E00BFE8F4 /* How_Much_I_Spent.xcdatamodel */;
			path = How_Much_I_Spent.xcdatamodeld;
			sourceTree = "<group>";
			versionGroupType = wrapper.xcdatamodel;
		};
/* End XCVersionGroup section */
	};
	rootObject = 823B72FB19C96F4E00BFE8F4 /* Project object */;
}
